
Microsoft Visual Studio Solution File, Format Version 12.00
# Visual Studio 14
VisualStudioVersion = 14.0.24720.0
MinimumVisualStudioVersion = 10.0.40219.1
Project("{2150E333-8FDC-42A3-9474-1A3956D46DE8}") = "Core", "Core", "{2D46E603-4159-4563-86AD-C5EA6AEB8C08}"
EndProject
Project("{2150E333-8FDC-42A3-9474-1A3956D46DE8}") = "Converters", "Converters", "{598D47E3-AEE0-432E-B642-9CD1FC6D45C2}"
EndProject
Project("{2150E333-8FDC-42A3-9474-1A3956D46DE8}") = "Tools", "Tools", "{8679677B-AD9D-40D7-8057-9B6B751258C0}"
EndProject
Project("{FAE04EC0-301F-11D3-BF4B-00C04F79EFBC}") = "EmailImport", "src\EmailImport\EmailImport.csproj", "{8B38E2F1-F353-4FD6-89E2-9578C434AC91}"
EndProject
Project("{FAE04EC0-301F-11D3-BF4B-00C04F79EFBC}") = "WordConverter", "src\Converters\WordConverter\WordConverter.csproj", "{C2A9B7DF-1520-4C4D-8C42-D303F111D625}"
EndProject
Project("{FAE04EC0-301F-11D3-BF4B-00C04F79EFBC}") = "ExcelConverter", "src\Converters\ExcelConverter\ExcelConverter.csproj", "{9B355AE0-440B-405F-8996-AE550721A938}"
EndProject
Project("{FAE04EC0-301F-11D3-BF4B-00C04F79EFBC}") = "PowerPointConverter", "src\Converters\PowerPointConverter\PowerPointConverter.csproj", "{4F60C911-3942-4DEB-A36F-A1647CCF89F0}"
EndProject
Project("{FAE04EC0-301F-11D3-BF4B-00C04F79EFBC}") = "ImageConverter", "src\Converters\ImageConverter\ImageConverter.csproj", "{89F8B920-91C5-4F9F-BD48-0FD275FCC33A}"
EndProject
Project("{FAE04EC0-301F-11D3-BF4B-00C04F79EFBC}") = "EmailImport.Conversion", "src\EmailImport.Conversion\EmailImport.Conversion.csproj", "{4DC9F59A-43E5-4565-AB44-3140EA53F7F6}"
EndProject
Project("{FAE04EC0-301F-11D3-BF4B-00C04F79EFBC}") = "XpsConverter", "src\Converters\XpsConverter\XpsConverter.csproj", "{0C61A7D4-0622-43FD-95DB-421DB1BFD6F2}"
EndProject
Project("{FAE04EC0-301F-11D3-BF4B-00C04F79EFBC}") = "XmlConverter", "src\Converters\XmlConverter\XmlConverter.csproj", "{B114F584-09A4-437F-9787-3F08071C304E}"
EndProject
Project("{FAE04EC0-301F-11D3-BF4B-00C04F79EFBC}") = "VisioConverter", "src\Converters\VisioConverter\VisioConverter.csproj", "{BFCD3F17-BF32-4177-A2F2-D06F50B0AC2B}"
EndProject
Project("{FAE04EC0-301F-11D3-BF4B-00C04F79EFBC}") = "PdfConverter", "src\Converters\PdfConverter\PdfConverter.csproj", "{9E5F3F7B-9244-422E-9E51-DDE68FA9CEF0}"
EndProject
Project("{FAE04EC0-301F-11D3-BF4B-00C04F79EFBC}") = "EmailImport.FileUpload", "src\EmailImport.FileUpload\EmailImport.FileUpload.csproj", "{4AA979BC-6102-46FA-BFF4-79FA96A8BC5B}"
EndProject
Project("{FAE04EC0-301F-11D3-BF4B-00C04F79EFBC}") = "EmailImport.Configuration", "src\EmailImport.Configuration\EmailImport.Configuration.csproj", "{03AEB77B-A351-4DA2-AD1A-41AF8CF16CC9}"
EndProject
Project("{FAE04EC0-301F-11D3-BF4B-00C04F79EFBC}") = "EmailImport.Viewer", "src\EmailImport.Viewer\EmailImport.Viewer.csproj", "{DA0D097E-AB19-45DA-8A31-0C7CD3D9670A}"
EndProject
Project("{FAE04EC0-301F-11D3-BF4B-00C04F79EFBC}") = "EmailImport.CCMasker", "src\EmailImport.CCMasker\EmailImport.CCMasker.csproj", "{5468D9CE-D620-4DC2-8882-161568F18707}"
EndProject
Global
	GlobalSection(SolutionConfigurationPlatforms) = preSolution
		Debug|Any CPU = Debug|Any CPU
		Release|Any CPU = Release|Any CPU
	EndGlobalSection
	GlobalSection(ProjectConfigurationPlatforms) = postSolution
		{8B38E2F1-F353-4FD6-89E2-9578C434AC91}.Debug|Any CPU.ActiveCfg = Debug|Any CPU
		{8B38E2F1-F353-4FD6-89E2-9578C434AC91}.Debug|Any CPU.Build.0 = Debug|Any CPU
		{8B38E2F1-F353-4FD6-89E2-9578C434AC91}.Release|Any CPU.ActiveCfg = Release|Any CPU
		{8B38E2F1-F353-4FD6-89E2-9578C434AC91}.Release|Any CPU.Build.0 = Release|Any CPU
		{C2A9B7DF-1520-4C4D-8C42-D303F111D625}.Debug|Any CPU.ActiveCfg = Debug|Any CPU
		{C2A9B7DF-1520-4C4D-8C42-D303F111D625}.Debug|Any CPU.Build.0 = Debug|Any CPU
		{C2A9B7DF-1520-4C4D-8C42-D303F111D625}.Release|Any CPU.ActiveCfg = Release|Any CPU
		{C2A9B7DF-1520-4C4D-8C42-D303F111D625}.Release|Any CPU.Build.0 = Release|Any CPU
		{9B355AE0-440B-405F-8996-AE550721A938}.Debug|Any CPU.ActiveCfg = Debug|Any CPU
		{9B355AE0-440B-405F-8996-AE550721A938}.Debug|Any CPU.Build.0 = Debug|Any CPU
		{9B355AE0-440B-405F-8996-AE550721A938}.Release|Any CPU.ActiveCfg = Release|Any CPU
		{9B355AE0-440B-405F-8996-AE550721A938}.Release|Any CPU.Build.0 = Release|Any CPU
		{4F60C911-3942-4DEB-A36F-A1647CCF89F0}.Debug|Any CPU.ActiveCfg = Debug|Any CPU
		{4F60C911-3942-4DEB-A36F-A1647CCF89F0}.Debug|Any CPU.Build.0 = Debug|Any CPU
		{4F60C911-3942-4DEB-A36F-A1647CCF89F0}.Release|Any CPU.ActiveCfg = Release|Any CPU
		{4F60C911-3942-4DEB-A36F-A1647CCF89F0}.Release|Any CPU.Build.0 = Release|Any CPU
		{89F8B920-91C5-4F9F-BD48-0FD275FCC33A}.Debug|Any CPU.ActiveCfg = Debug|Any CPU
		{89F8B920-91C5-4F9F-BD48-0FD275FCC33A}.Debug|Any CPU.Build.0 = Debug|Any CPU
		{89F8B920-91C5-4F9F-BD48-0FD275FCC33A}.Release|Any CPU.ActiveCfg = Release|Any CPU
		{89F8B920-91C5-4F9F-BD48-0FD275FCC33A}.Release|Any CPU.Build.0 = Release|Any CPU
		{4DC9F59A-43E5-4565-AB44-3140EA53F7F6}.Debug|Any CPU.ActiveCfg = Debug|Any CPU
		{4DC9F59A-43E5-4565-AB44-3140EA53F7F6}.Debug|Any CPU.Build.0 = Debug|Any CPU
		{4DC9F59A-43E5-4565-AB44-3140EA53F7F6}.Release|Any CPU.ActiveCfg = Release|Any CPU
		{4DC9F59A-43E5-4565-AB44-3140EA53F7F6}.Release|Any CPU.Build.0 = Release|Any CPU
		{0C61A7D4-0622-43FD-95DB-421DB1BFD6F2}.Debug|Any CPU.ActiveCfg = Debug|Any CPU
		{0C61A7D4-0622-43FD-95DB-421DB1BFD6F2}.Debug|Any CPU.Build.0 = Debug|Any CPU
		{0C61A7D4-0622-43FD-95DB-421DB1BFD6F2}.Release|Any CPU.ActiveCfg = Release|Any CPU
		{0C61A7D4-0622-43FD-95DB-421DB1BFD6F2}.Release|Any CPU.Build.0 = Release|Any CPU
		{B114F584-09A4-437F-9787-3F08071C304E}.Debug|Any CPU.ActiveCfg = Debug|Any CPU
		{B114F584-09A4-437F-9787-3F08071C304E}.Debug|Any CPU.Build.0 = Debug|Any CPU
		{B114F584-09A4-437F-9787-3F08071C304E}.Release|Any CPU.ActiveCfg = Release|Any CPU
		{B114F584-09A4-437F-9787-3F08071C304E}.Release|Any CPU.Build.0 = Release|Any CPU
		{BFCD3F17-BF32-4177-A2F2-D06F50B0AC2B}.Debug|Any CPU.ActiveCfg = Debug|Any CPU
		{BFCD3F17-BF32-4177-A2F2-D06F50B0AC2B}.Debug|Any CPU.Build.0 = Debug|Any CPU
		{BFCD3F17-BF32-4177-A2F2-D06F50B0AC2B}.Release|Any CPU.ActiveCfg = Release|Any CPU
		{BFCD3F17-BF32-4177-A2F2-D06F50B0AC2B}.Release|Any CPU.Build.0 = Release|Any CPU
		{9E5F3F7B-9244-422E-9E51-DDE68FA9CEF0}.Debug|Any CPU.ActiveCfg = Debug|Any CPU
		{9E5F3F7B-9244-422E-9E51-DDE68FA9CEF0}.Debug|Any CPU.Build.0 = Debug|Any CPU
		{9E5F3F7B-9244-422E-9E51-DDE68FA9CEF0}.Release|Any CPU.ActiveCfg = Release|Any CPU
		{9E5F3F7B-9244-422E-9E51-DDE68FA9CEF0}.Release|Any CPU.Build.0 = Release|Any CPU
		{4AA979BC-6102-46FA-BFF4-79FA96A8BC5B}.Debug|Any CPU.ActiveCfg = Debug|Any CPU
		{4AA979BC-6102-46FA-BFF4-79FA96A8BC5B}.Debug|Any CPU.Build.0 = Debug|Any CPU
		{4AA979BC-6102-46FA-BFF4-79FA96A8BC5B}.Release|Any CPU.ActiveCfg = Release|Any CPU
		{4AA979BC-6102-46FA-BFF4-79FA96A8BC5B}.Release|Any CPU.Build.0 = Release|Any CPU
		{03AEB77B-A351-4DA2-AD1A-41AF8CF16CC9}.Debug|Any CPU.ActiveCfg = Debug|Any CPU
		{03AEB77B-A351-4DA2-AD1A-41AF8CF16CC9}.Debug|Any CPU.Build.0 = Debug|Any CPU
		{03AEB77B-A351-4DA2-AD1A-41AF8CF16CC9}.Release|Any CPU.ActiveCfg = Release|Any CPU
		{03AEB77B-A351-4DA2-AD1A-41AF8CF16CC9}.Release|Any CPU.Build.0 = Release|Any CPU
		{DA0D097E-AB19-45DA-8A31-0C7CD3D9670A}.Debug|Any CPU.ActiveCfg = Debug|Any CPU
		{DA0D097E-AB19-45DA-8A31-0C7CD3D9670A}.Debug|Any CPU.Build.0 = Debug|Any CPU
		{DA0D097E-AB19-45DA-8A31-0C7CD3D9670A}.Release|Any CPU.ActiveCfg = Release|Any CPU
		{DA0D097E-AB19-45DA-8A31-0C7CD3D9670A}.Release|Any CPU.Build.0 = Release|Any CPU
		{5468D9CE-D620-4DC2-8882-161568F18707}.Debug|Any CPU.ActiveCfg = Debug|Any CPU
		{5468D9CE-D620-4DC2-8882-161568F18707}.Debug|Any CPU.Build.0 = Debug|Any CPU
		{5468D9CE-D620-4DC2-8882-161568F18707}.Release|Any CPU.ActiveCfg = Release|Any CPU
		{5468D9CE-D620-4DC2-8882-161568F18707}.Release|Any CPU.Build.0 = Release|Any CPU
	EndGlobalSection
	GlobalSection(SolutionProperties) = preSolution
		HideSolutionNode = FALSE
	EndGlobalSection
	GlobalSection(NestedProjects) = preSolution
		{8B38E2F1-F353-4FD6-89E2-9578C434AC91} = {2D46E603-4159-4563-86AD-C5EA6AEB8C08}
		{C2A9B7DF-1520-4C4D-8C42-D303F111D625} = {598D47E3-AEE0-432E-B642-9CD1FC6D45C2}
		{9B355AE0-440B-405F-8996-AE550721A938} = {598D47E3-AEE0-432E-B642-9CD1FC6D45C2}
		{4F60C911-3942-4DEB-A36F-A1647CCF89F0} = {598D47E3-AEE0-432E-B642-9CD1FC6D45C2}
		{89F8B920-91C5-4F9F-BD48-0FD275FCC33A} = {598D47E3-AEE0-432E-B642-9CD1FC6D45C2}
		{4DC9F59A-43E5-4565-AB44-3140EA53F7F6} = {2D46E603-4159-4563-86AD-C5EA6AEB8C08}
		{0C61A7D4-0622-43FD-95DB-421DB1BFD6F2} = {598D47E3-AEE0-432E-B642-9CD1FC6D45C2}
		{B114F584-09A4-437F-9787-3F08071C304E} = {598D47E3-AEE0-432E-B642-9CD1FC6D45C2}
		{BFCD3F17-BF32-4177-A2F2-D06F50B0AC2B} = {598D47E3-AEE0-432E-B642-9CD1FC6D45C2}
		{9E5F3F7B-9244-422E-9E51-DDE68FA9CEF0} = {598D47E3-AEE0-432E-B642-9CD1FC6D45C2}
		{4AA979BC-6102-46FA-BFF4-79FA96A8BC5B} = {8679677B-AD9D-40D7-8057-9B6B751258C0}
		{03AEB77B-A351-4DA2-AD1A-41AF8CF16CC9} = {8679677B-AD9D-40D7-8057-9B6B751258C0}
		{DA0D097E-AB19-45DA-8A31-0C7CD3D9670A} = {8679677B-AD9D-40D7-8057-9B6B751258C0}
		{5468D9CE-D620-4DC2-8882-161568F18707} = {8679677B-AD9D-40D7-8057-9B6B751258C0}
	EndGlobalSection
EndGlobal
